{
  "version": 1,
  "dependencies": {
    ".NETFramework,Version=v4.8": {
      "ClosedXML": {
        "type": "Transitive",
        "resolved": "0.102.2",
        "contentHash": "nsHmfPNPtWpr6vair857sQiN11OaFn80oiN2GIbTB1vDqnw9jhNMtlxS0/iYP/E+YGG5zLX2N6xeznuBuvezSQ==",
        "dependencies": {
          "DocumentFormat.OpenXml": "[2.16.0, 3.0.0)",
          "ExcelNumberFormat": "1.1.0",
          "SixLabors.Fonts": "1.0.0",
          "System.Buffers": "4.5.1",
          "System.IO.Packaging": "6.0.0",
          "System.Memory": "4.5.4",
          "System.Net.Http": "4.3.4",
          "System.Text.RegularExpressions": "4.3.1",
          "XLParser": "1.5.2"
        }
      },
      "Dapper": {
        "type": "Transitive",
        "resolved": "2.1.66",
        "contentHash": "/q77jUgDOS+bzkmk3Vy9SiWMaetTw+NOoPAV0xPBsGVAyljd5S6P+4RUW7R3ZUGGr9lDRyPKgAMj2UAOwvqZYw==",
        "dependencies": {
          "Microsoft.Bcl.AsyncInterfaces": "9.0.1"
        }
      },
      "DocumentFormat.OpenXml": {
        "type": "Transitive",
        "resolved": "2.16.0",
        "contentHash": "RhpnDgyyx1KjZm98T3w3bSXFHG/7ZNUaVmz4NAUA+jmV3PcVNZeW87Y04CpBNLdDHEMSspirfo0B5kLRaoE97w=="
      },
      "ExcelDataReader": {
        "type": "Transitive",
        "resolved": "3.8.0",
        "contentHash": "kbUsldc5Fn9IKgzL2nr4VvN/mKqPqn8zGXUZpA7uL6svCA4psF+qMK519EhMvderpU4pAJoqk9DWpiSIkiZtXA==",
        "dependencies": {
          "System.ValueTuple": "4.5.0"
        }
      },
      "ExcelDataReader.DataSet": {
        "type": "Transitive",
        "resolved": "3.8.0",
        "contentHash": "+eQg5oinHir7ayE/rF4dedvy8J6FBDG8RDyKFQsS/VZG9ygrnNgW6U8JSlrfGfe3DxYgbVoVwYV9Hbk63JQJFQ==",
        "dependencies": {
          "ExcelDataReader": "3.8.0",
          "System.ValueTuple": "4.5.0"
        }
      },
      "ExcelNumberFormat": {
        "type": "Transitive",
        "resolved": "1.1.0",
        "contentHash": "R3BVHPs9O+RkExbZYTGT0+9HLbi8ZrNij1Yziyw6znd3J7P3uoIR07uwTLGOogtz1p6+0sna66eBoXu7tBiVQA=="
      },
      "Irony.NetCore": {
        "type": "Transitive",
        "resolved": "1.0.11",
        "contentHash": "/2MCkqdhEjPiSTZKYXg6u9AO9o3m68biqcFHAnM28WdnrcZii2vYbmKPzT5ejByyV72FUlygOtHBMt8SLnUyNw=="
      },
      "Microsoft.Bcl.AsyncInterfaces": {
        "type": "Transitive",
        "resolved": "9.0.1",
        "contentHash": "IVkmUqf+KzbuXKrxi2tyQlg11RArYk26t2eU5cHekff+7Ao09vH8vt8idC0BJSMnpiRV2OK66zM2EwJU6Tm5Cw==",
        "dependencies": {
          "System.Threading.Tasks.Extensions": "4.5.4"
        }
      },
      "Microsoft.Data.Sqlite": {
        "type": "Transitive",
        "resolved": "10.0.3",
        "contentHash": "R/7g5hddFTzey+XOH7Hb3x71DdX5yDu3YqKDJbyn3QKiV6P38bYqkhsoDotanurh5mHLRc9hITE+pxL6Kjcpzw==",
        "dependencies": {
          "Microsoft.Data.Sqlite.Core": "10.0.3",
          "SQLitePCLRaw.bundle_e_sqlite3": "2.1.11",
          "SQLitePCLRaw.core": "2.1.11"
        }
      },
      "Microsoft.Data.Sqlite.Core": {
        "type": "Transitive",
        "resolved": "10.0.3",
        "contentHash": "onD94qHlvteS2S9eg1T7Huehm3x92no4nU1AyDWjSmT6jDBhY8QF0UapwNhFA+1dArzxM10fV7s6uI1EIK2+dw==",
        "dependencies": {
          "SQLitePCLRaw.core": "2.1.11"
        }
      },
      "SixLabors.Fonts": {
        "type": "Transitive",
        "resolved": "1.0.0",
        "contentHash": "LFQsCZlV0xlUyXAOMUo5kkSl+8zAQXXbbdwWchtk0B4o7zotZhQsQOcJUELGHdfPfm/xDAsz6hONAuV25bJaAg==",
        "dependencies": {
          "System.Buffers": "4.5.1",
          "System.Memory": "4.5.4",
          "System.Numerics.Vectors": "4.5.0",
          "System.Runtime.CompilerServices.Unsafe": "4.7.0"
        }
      },
      "SourceGear.sqlite3": {
        "type": "Transitive",
        "resolved": "3.50.4.2",
        "contentHash": "eV9HwQ88WyoU+reGVxJz1SwME9NbYnl9h2LOY15j0LGdXN4JkTJDk8JRRg/yNgt00O3Cn5/qnska10FEZNoU5g=="
      },
      "SQLitePCLRaw.bundle_e_sqlite3": {
        "type": "Transitive",
        "resolved": "3.0.2",
        "contentHash": "nzPPFpELY9U1scLvQpA1k1GIgR9ror83DCPmirT2/i5NCPdTBfhTDA6MZqFZonGDayye5mUQRQLOVyEiJNYr0g==",
        "dependencies": {
          "SQLitePCLRaw.config.e_sqlite3": "3.0.2",
          "SourceGear.sqlite3": "3.50.4.2"
        }
      },
      "SQLitePCLRaw.config.e_sqlite3": {
        "type": "Transitive",
        "resolved": "3.0.2",
        "contentHash": "QPHR1Axs8YCCapb0TnmT7PxY9DX3sg4I4T9HOSKeFBiT5l482mjrOIxuyt+xOCwEQ2Enq5h0tgDOXMnJi+i0sw==",
        "dependencies": {
          "SQLitePCLRaw.provider.e_sqlite3": "3.0.2"
        }
      },
      "SQLitePCLRaw.core": {
        "type": "Transitive",
        "resolved": "3.0.2",
        "contentHash": "tnbRf0muOOSJK1RLCfyYK13jynFScgL4xMj7yC3oy8lrrGKXTKmOoWjfdV+cFfBRdppm4qST31hvp8ihgIgvMQ==",
        "dependencies": {
          "System.Memory": "4.6.3"
        }
      },
      "SQLitePCLRaw.provider.e_sqlite3": {
        "type": "Transitive",
        "resolved": "3.0.2",
        "contentHash": "RQIliDp47mQxGYNcBB6W+ezHbegkImrSZVTuWjQCSTTl3pQ37Q3rALkkkdTAMEmcIz71PEOCqNZMp7lXCnVqEQ==",
        "dependencies": {
          "SQLitePCLRaw.core": "3.0.2"
        }
      },
      "System.Buffers": {
        "type": "Transitive",
        "resolved": "4.6.1",
        "contentHash": "N8GXpmiLMtljq7gwvyS+1QvKT/W2J8sNAvx+HVg4NGmsG/H+2k/y9QI23auLJRterrzCiDH+IWAw4V/GPwsMlw=="
      },
      "System.IO": {
        "type": "Transitive",
        "resolved": "4.3.0",
        "contentHash": "3qjaHvxQPDpSOYICjUoTsmoq5u6QJAFRUITgeT/4gqkF1bajbSmb1kwSxEA8AHlofqgcKJcM8udgieRNhaJ5Cg=="
      },
      "System.IO.Packaging": {
        "type": "Transitive",
        "resolved": "8.0.1",
        "contentHash": "KYkIOAvPexQOLDxPO2g0BVoWInnQhPpkFzRqvNrNrMhVT6kqhVr0zEb6KCHlptLFukxnZrjuMVAnxK7pOGUYrw=="
      },
      "System.Memory": {
        "type": "Transitive",
        "resolved": "4.6.3",
        "contentHash": "qdcDOgnFZY40+Q9876JUHnlHu7bosOHX8XISRoH94fwk6hgaeQGSgfZd8srWRZNt5bV9ZW2TljcegDNxsf+96A==",
        "dependencies": {
          "System.Buffers": "4.6.1",
          "System.Numerics.Vectors": "4.6.1",
          "System.Runtime.CompilerServices.Unsafe": "6.1.2"
        }
      },
      "System.Net.Http": {
        "type": "Transitive",
        "resolved": "4.3.4",
        "contentHash": "aOa2d51SEbmM+H+Csw7yJOuNZoHkrP2XnAurye5HWYgGVVU54YZDvsLUYRv6h18X3sPnjNCANmN7ZhIPiqMcjA==",
        "dependencies": {
          "System.Security.Cryptography.X509Certificates": "4.3.0"
        }
      },
      "System.Numerics.Vectors": {
        "type": "Transitive",
        "resolved": "4.6.1",
        "contentHash": "sQxefTnhagrhoq2ReR0D/6K0zJcr9Hrd6kikeXsA1I8kOCboTavcUC4r7TSfpKFeE163uMuxZcyfO1mGO3EN8Q=="
      },
      "System.Runtime": {
        "type": "Transitive",
        "resolved": "4.3.0",
        "contentHash": "JufQi0vPQ0xGnAczR13AUFglDyVYt4Kqnz1AZaiKZ5+GICq0/1MH/mO/eAJHt/mHW1zjKBJd7kV26SrxddAhiw=="
      },
      "System.Runtime.CompilerServices.Unsafe": {
        "type": "Transitive",
        "resolved": "6.1.2",
        "contentHash": "2hBr6zdbIBTDE3EhK7NSVNdX58uTK6iHW/P/Axmm9sl1xoGSLqDvMtpecn226TNwHByFokYwJmt/aQQNlO5CRw=="
      },
      "System.Security.Cryptography.Algorithms": {
        "type": "Transitive",
        "resolved": "4.3.0",
        "contentHash": "W1kd2Y8mYSCgc3ULTAZ0hOP2dSdG5YauTb1089T0/kRcN2MpSAW1izOFROrJgxSlMn3ArsgHXagigyi+ibhevg==",
        "dependencies": {
          "System.IO": "4.3.0",
          "System.Runtime": "4.3.0",
          "System.Security.Cryptography.Encoding": "4.3.0",
          "System.Security.Cryptography.Primitives": "4.3.0"
        }
      },
      "System.Security.Cryptography.Encoding": {
        "type": "Transitive",
        "resolved": "4.3.0",
        "contentHash": "1DEWjZZly9ae9C79vFwqaO5kaOlI5q+3/55ohmq/7dpDyDfc8lYe7YVxJUZ5MF/NtbkRjwFRo14yM4OEo9EmDw=="
      },
      "System.Security.Cryptography.Primitives": {
        "type": "Transitive",
        "resolved": "4.3.0",
        "contentHash": "7bDIyVFNL/xKeFHjhobUAQqSpJq9YTOpbEs6mR233Et01STBMXNAc/V+BM6dwYGc95gVh/Zf+iVXWzj3mE8DWg=="
      },
      "System.Security.Cryptography.X509Certificates": {
        "type": "Transitive",
        "resolved": "4.3.0",
        "contentHash": "t2Tmu6Y2NtJ2um0RtcuhP7ZdNNxXEgUm2JeoA/0NvlMjAhKCnM1NX07TDl3244mVp3QU6LPEhT3HTtH1uF7IYw==",
        "dependencies": {
          "System.Security.Cryptography.Algorithms": "4.3.0",
          "System.Security.Cryptography.Encoding": "4.3.0"
        }
      },
      "System.Text.Encoding.CodePages": {
        "type": "Transitive",
        "resolved": "8.0.0",
        "contentHash": "OZIsVplFGaVY90G2SbpgU7EnCoOO5pw1t4ic21dBF3/1omrJFpAGoNAVpPyMVOC90/hvgkGG3VFqR13YgZMQfg==",
        "dependencies": {
          "System.Memory": "4.5.5",
          "System.Runtime.CompilerServices.Unsafe": "6.0.0"
        }
      },
      "System.Text.RegularExpressions": {
        "type": "Transitive",
        "resolved": "4.3.1",
        "contentHash": "N0kNRrWe4+nXOWlpLT4LAY5brb8caNFlUuIRpraCVMDLYutKkol1aV079rQjLuSxKMJT2SpBQsYX9xbcTMmzwg=="
      },
      "System.Threading.Tasks.Extensions": {
        "type": "Transitive",
        "resolved": "4.5.4",
        "contentHash": "zteT+G8xuGu6mS+mzDzYXbzS7rd3K6Fjb9RiZlYlJPam2/hU7JCBZBVEcywNuR+oZ1ncTvc/cq0faRr3P01OVg==",
        "dependencies": {
          "System.Runtime.CompilerServices.Unsafe": "4.5.3"
        }
      },
      "System.ValueTuple": {
        "type": "Transitive",
        "resolved": "4.5.0",
        "contentHash": "okurQJO6NRE/apDIP23ajJ0hpiNmJ+f0BwOlB/cSqTLQlw5upkf+5+96+iG2Jw40G1fCVCyPz/FhIABUjMR+RQ=="
      },
      "XLParser": {
        "type": "Transitive",
        "resolved": "1.5.2",
        "contentHash": "8tnUCmMbn6c/HGuHFyq1sulHym8YReTKDNXFFQk0U8nldNx6RGrwRvLh0+aQjEc7YoC3Q1ztH1npLt7dClKqjw==",
        "dependencies": {
          "Irony.NetCore": "1.0.11"
        }
      },
      "win7pos.core": {
        "type": "Project"
      },
      "win7pos.data": {
        "type": "Project",
        "dependencies": {
          "ClosedXML": "[0.102.2, )",
          "Dapper": "[2.1.66, )",
          "ExcelDataReader": "[3.8.0, )",
          "ExcelDataReader.DataSet": "[3.8.0, )",
          "Microsoft.Data.Sqlite": "[10.0.3, )",
          "SQLitePCLRaw.bundle_e_sqlite3": "[3.0.2, )",
          "System.IO.Packaging": "[8.0.1, )",
          "System.Text.Encoding.CodePages": "[8.0.0, )",
          "Win7POS.Core": "[1.0.0, )"
        }
      }
    },
    ".NETFramework,Version=v4.8/win-x86": {
      "SourceGear.sqlite3": {
        "type": "Transitive",
        "resolved": "3.50.4.2",
        "contentHash": "eV9HwQ88WyoU+reGVxJz1SwME9NbYnl9h2LOY15j0LGdXN4JkTJDk8JRRg/yNgt00O3Cn5/qnska10FEZNoU5g=="
      },
      "System.Net.Http": {
        "type": "Transitive",
        "resolved": "4.3.4",
        "contentHash": "aOa2d51SEbmM+H+Csw7yJOuNZoHkrP2XnAurye5HWYgGVVU54YZDvsLUYRv6h18X3sPnjNCANmN7ZhIPiqMcjA==",
        "dependencies": {
          "System.Security.Cryptography.X509Certificates": "4.3.0"
        }
      },
      "System.Security.Cryptography.Algorithms": {
        "type": "Transitive",
        "resolved": "4.3.0",
        "contentHash": "W1kd2Y8mYSCgc3ULTAZ0hOP2dSdG5YauTb1089T0/kRcN2MpSAW1izOFROrJgxSlMn3ArsgHXagigyi+ibhevg==",
        "dependencies": {
          "System.IO": "4.3.0",
          "System.Runtime": "4.3.0",
          "System.Security.Cryptography.Encoding": "4.3.0",
          "System.Security.Cryptography.Primitives": "4.3.0"
        }
      },
      "System.Security.Cryptography.Encoding": {
        "type": "Transitive",
        "resolved": "4.3.0",
        "contentHash": "1DEWjZZly9ae9C79vFwqaO5kaOlI5q+3/55ohmq/7dpDyDfc8lYe7YVxJUZ5MF/NtbkRjwFRo14yM4OEo9EmDw=="
      },
      "System.Security.Cryptography.X509Certificates": {
        "type": "Transitive",
        "resolved": "4.3.0",
        "contentHash": "t2Tmu6Y2NtJ2um0RtcuhP7ZdNNxXEgUm2JeoA/0NvlMjAhKCnM1NX07TDl3244mVp3QU6LPEhT3HTtH1uF7IYw==",
        "dependencies": {
          "System.Security.Cryptography.Algorithms": "4.3.0",
          "System.Security.Cryptography.Encoding": "4.3.0"
        }
      }
    },
    "net10.0": {
      "ClosedXML": {
        "type": "Transitive",
        "resolved": "0.102.2",
        "contentHash": "nsHmfPNPtWpr6vair857sQiN11OaFn80oiN2GIbTB1vDqnw9jhNMtlxS0/iYP/E+YGG5zLX2N6xeznuBuvezSQ==",
        "dependencies": {
          "DocumentFormat.OpenXml": "[2.16.0, 3.0.0)",
          "ExcelNumberFormat": "1.1.0",
          "SixLabors.Fonts": "1.0.0",
          "System.IO.Packaging": "6.0.0",
          "XLParser": "1.5.2"
        }
      },
      "Dapper": {
        "type": "Transitive",
        "resolved": "2.1.66",
        "contentHash": "/q77jUgDOS+bzkmk3Vy9SiWMaetTw+NOoPAV0xPBsGVAyljd5S6P+4RUW7R3ZUGGr9lDRyPKgAMj2UAOwvqZYw=="
      },
      "DocumentFormat.OpenXml": {
        "type": "Transitive",
        "resolved": "2.16.0",
        "contentHash": "RhpnDgyyx1KjZm98T3w3bSXFHG/7ZNUaVmz4NAUA+jmV3PcVNZeW87Y04CpBNLdDHEMSspirfo0B5kLRaoE97w==",
        "dependencies": {
          "System.IO.Packaging": "4.7.0"
        }
      },
      "ExcelDataReader": {
        "type": "Transitive",
        "resolved": "3.8.0",
        "contentHash": "kbUsldc5Fn9IKgzL2nr4VvN/mKqPqn8zGXUZpA7uL6svCA4psF+qMK519EhMvderpU4pAJoqk9DWpiSIkiZtXA=="
      },
      "ExcelDataReader.DataSet": {
        "type": "Transitive",
        "resolved": "3.8.0",
        "contentHash": "+eQg5oinHir7ayE/rF4dedvy8J6FBDG8RDyKFQsS/VZG9ygrnNgW6U8JSlrfGfe3DxYgbVoVwYV9Hbk63JQJFQ==",
        "dependencies": {
          "ExcelDataReader": "3.8.0"
        }
      },
      "ExcelNumberFormat": {
        "type": "Transitive",
        "resolved": "1.1.0",
        "contentHash": "R3BVHPs9O+RkExbZYTGT0+9HLbi8ZrNij1Yziyw6znd3J7P3uoIR07uwTLGOogtz1p6+0sna66eBoXu7tBiVQA=="
      },
      "Irony.NetCore": {
        "type": "Transitive",
        "resolved": "1.0.11",
        "contentHash": "/2MCkqdhEjPiSTZKYXg6u9AO9o3m68biqcFHAnM28WdnrcZii2vYbmKPzT5ejByyV72FUlygOtHBMt8SLnUyNw==",
        "dependencies": {
          "NETStandard.Library": "1.6.1"
        }
      },
      "Microsoft.Data.Sqlite": {
        "type": "Transitive",
        "resolved": "10.0.3",
        "contentHash": "R/7g5hddFTzey+XOH7Hb3x71DdX5yDu3YqKDJbyn3QKiV6P38bYqkhsoDotanurh5mHLRc9hITE+pxL6Kjcpzw==",
        "dependencies": {
          "Microsoft.Data.Sqlite.Core": "10.0.3",
          "SQLitePCLRaw.bundle_e_sqlite3": "2.1.11",
          "SQLitePCLRaw.core": "2.1.11"
        }
      },
      "Microsoft.Data.Sqlite.Core": {
        "type": "Transitive",
        "resolved": "10.0.3",
        "contentHash": "onD94qHlvteS2S9eg1T7Huehm3x92no4nU1AyDWjSmT6jDBhY8QF0UapwNhFA+1dArzxM10fV7s6uI1EIK2+dw==",
        "dependencies": {
          "SQLitePCLRaw.core": "2.1.11"
        }
      },
      "SixLabors.Fonts": {
        "type": "Transitive",
        "resolved": "1.0.0",
        "contentHash": "LFQsCZlV0xlUyXAOMUo5kkSl+8zAQXXbbdwWchtk0B4o7zotZhQsQOcJUELGHdfPfm/xDAsz6hONAuV25bJaAg=="
      },
      "SourceGear.sqlite3": {
        "type": "Transitive",
        "resolved": "3.50.4.2",
        "contentHash": "eV9HwQ88WyoU+reGVxJz1SwME9NbYnl9h2LOY15j0LGdXN4JkTJDk8JRRg/yNgt00O3Cn5/qnska10FEZNoU5g=="
      },
      "SQLitePCLRaw.bundle_e_sqlite3": {
        "type": "Transitive",
        "resolved": "3.0.2",
        "contentHash": "nzPPFpELY9U1scLvQpA1k1GIgR9ror83DCPmirT2/i5NCPdTBfhTDA6MZqFZonGDayye5mUQRQLOVyEiJNYr0g==",
        "dependencies": {
          "SQLitePCLRaw.config.e_sqlite3": "3.0.2",
          "SourceGear.sqlite3": "3.50.4.2"
        }
      },
      "SQLitePCLRaw.config.e_sqlite3": {
        "type": "Transitive",
        "resolved": "3.0.2",
        "contentHash": "QPHR1Axs8YCCapb0TnmT7PxY9DX3sg4I4T9HOSKeFBiT5l482mjrOIxuyt+xOCwEQ2Enq5h0tgDOXMnJi+i0sw==",
        "dependencies": {
          "SQLitePCLRaw.provider.e_sqlite3": "3.0.2"
        }
      },
      "SQLitePCLRaw.core": {
        "type": "Transitive",
        "resolved": "3.0.2",
        "contentHash": "tnbRf0muOOSJK1RLCfyYK13jynFScgL4xMj7yC3oy8lrrGKXTKmOoWjfdV+cFfBRdppm4qST31hvp8ihgIgvMQ=="
      },
      "SQLitePCLRaw.provider.e_sqlite3": {
        "type": "Transitive",
        "resolved": "3.0.2",
        "contentHash": "RQIliDp47mQxGYNcBB6W+ezHbegkImrSZVTuWjQCSTTl3pQ37Q3rALkkkdTAMEmcIz71PEOCqNZMp7lXCnVqEQ==",
        "dependencies": {
          "SQLitePCLRaw.core": "3.0.2"
        }
      },
      "System.IO.Packaging": {
        "type": "Transitive",
        "resolved": "8.0.1",
        "contentHash": "KYkIOAvPexQOLDxPO2g0BVoWInnQhPpkFzRqvNrNrMhVT6kqhVr0zEb6KCHlptLFukxnZrjuMVAnxK7pOGUYrw=="
      },
      "XLParser": {
        "type": "Transitive",
        "resolved": "1.5.2",
        "contentHash": "8tnUCmMbn6c/HGuHFyq1sulHym8YReTKDNXFFQk0U8nldNx6RGrwRvLh0+aQjEc7YoC3Q1ztH1npLt7dClKqjw==",
        "dependencies": {
          "Irony.NetCore": "1.0.11",
          "NETStandard.Library": "1.6.1"
        }
      },
      "win7pos.core": {
        "type": "Project"
      },
      "win7pos.data": {
        "type": "Project",
        "dependencies": {
          "ClosedXML": "[0.102.2, )",
          "Dapper": "[2.1.66, )",
          "ExcelDataReader": "[3.8.0, )",
          "ExcelDataReader.DataSet": "[3.8.0, )",
          "Microsoft.Data.Sqlite": "[10.0.3, )",
          "SQLitePCLRaw.bundle_e_sqlite3": "[3.0.2, )",
          "System.IO.Packaging": "[8.0.1, )",
          "Win7POS.Core": "[1.0.0, )"
        }
      }
    },
    "net10.0/win-x86": {
      "SourceGear.sqlite3": {
        "type": "Transitive",
        "resolved": "3.50.4.2",
        "contentHash": "eV9HwQ88WyoU+reGVxJz1SwME9NbYnl9h2LOY15j0LGdXN4JkTJDk8JRRg/yNgt00O3Cn5/qnska10FEZNoU5g=="
      }
    }
  }
}